
Microsoft Visual Studio Solution File, Format Version 12.00
# Visual Studio Version 17
VisualStudioVersion = 17.0.31903.59
MinimumVisualStudioVersion = 10.0.40219.1
Project("{9A19103F-16F7-4668-BE54-9A1E7A4F7556}") = "SmaugX.Core", "SmaugX.Core\SmaugX.Core.csproj", "{0CA003CD-3813-4498-B604-3500A22839E6}"
EndProject
Project("{9A19103F-16F7-4668-BE54-9A1E7A4F7556}") = "SmaugX.Host", "SmaugX.Host\SmaugX.Host.csproj", "{AD1D096D-F087-4088-AE62-AEC33A1566D2}"
EndProject
Project("{FAE04EC0-301F-11D3-BF4B-00C04F79EFBC}") = "SmaugX.Core.Tests", "SmaugX.Core.Tests\SmaugX.Core.Tests.csproj", "{E69558AA-FA90-48CB-9504-06326809267D}"
EndProject
Global
	GlobalSection(SolutionConfigurationPlatforms) = preSolution
		Debug|Any CPU = Debug|Any CPU
		Release|Any CPU = Release|Any CPU
	EndGlobalSection
	GlobalSection(ProjectConfigurationPlatforms) = postSolution
		{0CA003CD-3813-4498-B604-3500A22839E6}.Debug|Any CPU.ActiveCfg = Debug|Any CPU
		{0CA003CD-3813-4498-B604-3500A22839E6}.Debug|Any CPU.Build.0 = Debug|Any CPU
		{0CA003CD-3813-4498-B604-3500A22839E6}.Release|Any CPU.ActiveCfg = Release|Any CPU
		{0CA003CD-3813-4498-B604-3500A22839E6}.Release|Any CPU.Build.0 = Release|Any CPU
		{AD1D096D-F087-4088-AE62-AEC33A1566D2}.Debug|Any CPU.ActiveCfg = Debug|Any CPU
		{AD1D096D-F087-4088-AE62-AEC33A1566D2}.Debug|Any CPU.Build.0 = Debug|Any CPU
		{AD1D096D-F087-4088-AE62-AEC33A1566D2}.Release|Any CPU.ActiveCfg = Release|Any CPU
		{AD1D096D-F087-4088-AE62-AEC33A1566D2}.Release|Any CPU.Build.0 = Release|Any CPU
		{E69558AA-FA90-48CB-9504-06326809267D}.Debug|Any CPU.ActiveCfg = Debug|Any CPU
		{E69558AA-FA90-48CB-9504-06326809267D}.Debug|Any CPU.Build.0 = Debug|Any CPU
		{E69558AA-FA90-48CB-9504-06326809267D}.Release|Any CPU.ActiveCfg = Release|Any CPU
		{E69558AA-FA90-48CB-9504-06326809267D}.Release|Any CPU.Build.0 = Release|Any CPU
	EndGlobalSection
	GlobalSection(SolutionProperties) = preSolution
		HideSolutionNode = FALSE
	EndGlobalSection
	GlobalSection(ExtensibilityGlobals) = postSolution
		SolutionGuid = {948A306B-1151-446E-A41C-2BE5D1114FBC}
	EndGlobalSection
EndGlobal
